
Microsoft Visual Studio Solution File, Format Version 12.00
# Visual Studio Version 17
VisualStudioVersion = 17.0.31903.59
MinimumVisualStudioVersion = 10.0.40219.1
Project("{2150E333-8FDC-42A3-9474-1A3956D46DE8}") = "src", "src", "{1AB79718-44AB-4263-A278-BC181D3E1F00}"
EndProject
Project("{2150E333-8FDC-42A3-9474-1A3956D46DE8}") = "Solution items", "Solution items", "{3D17995B-A69D-42AA-B90F-9E21D9FBD53E}"
EndProject
Project("{FAE04EC0-301F-11D3-BF4B-00C04F79EFBC}") = "Deepin.Presence.API", "src\Deepin.Presence.API\Deepin.Presence.API.csproj", "{453AC969-FF77-42B2-9C04-9872BE9FA721}"
EndProject
Global
	GlobalSection(SolutionConfigurationPlatforms) = preSolution
		Debug|Any CPU = Debug|Any CPU
		Release|Any CPU = Release|Any CPU
	EndGlobalSection
	GlobalSection(ProjectConfigurationPlatforms) = postSolution
		{453AC969-FF77-42B2-9C04-9872BE9FA721}.Debug|Any CPU.ActiveCfg = Debug|Any CPU
		{453AC969-FF77-42B2-9C04-9872BE9FA721}.Debug|Any CPU.Build.0 = Debug|Any CPU
		{453AC969-FF77-42B2-9C04-9872BE9FA721}.Release|Any CPU.ActiveCfg = Release|Any CPU
		{453AC969-FF77-42B2-9C04-9872BE9FA721}.Release|Any CPU.Build.0 = Release|Any CPU
	EndGlobalSection
	GlobalSection(SolutionProperties) = preSolution
		HideSolutionNode = FALSE
	EndGlobalSection
	GlobalSection(NestedProjects) = preSolution
		{453AC969-FF77-42B2-9C04-9872BE9FA721} = {1AB79718-44AB-4263-A278-BC181D3E1F00}
	EndGlobalSection
EndGlobal
